
Microsoft Visual Studio Solution File, Format Version 12.00
# Visual Studio Version 16
VisualStudioVersion = 16.0.31424.327
MinimumVisualStudioVersion = 10.0.40219.1
Project("{FAE04EC0-301F-11D3-BF4B-00C04F79EFBC}") = "Serialisation", "Serialisation\Serialisation.csproj", "{C64C8A02-9C27-4072-8A5F-2F0432F00460}"
EndProject
Global
	GlobalSection(SolutionConfigurationPlatforms) = preSolution
		Debug|Any CPU = Debug|Any CPU
		Release|Any CPU = Release|Any CPU
	EndGlobalSection
	GlobalSection(ProjectConfigurationPlatforms) = postSolution
		{C64C8A02-9C27-4072-8A5F-2F0432F00460}.Debug|Any CPU.ActiveCfg = Debug|Any CPU
		{C64C8A02-9C27-4072-8A5F-2F0432F00460}.Debug|Any CPU.Build.0 = Debug|Any CPU
		{C64C8A02-9C27-4072-8A5F-2F0432F00460}.Release|Any CPU.ActiveCfg = Release|Any CPU
		{C64C8A02-9C27-4072-8A5F-2F0432F00460}.Release|Any CPU.Build.0 = Release|Any CPU
	EndGlobalSection
	GlobalSection(SolutionProperties) = preSolution
		HideSolutionNode = FALSE
	EndGlobalSection
	GlobalSection(ExtensibilityGlobals) = postSolution
		SolutionGuid = {390D0E00-123D-479B-8926-A258029BF63B}
	EndGlobalSection
EndGlobal
